
Microsoft Visual Studio Solution File, Format Version 12.00
# Visual Studio Version 16
VisualStudioVersion = 16.0.30225.117
MinimumVisualStudioVersion = 10.0.40219.1
Project("{FAE04EC0-301F-11D3-BF4B-00C04F79EFBC}") = "ShwNewsCheck", "ShwNewsCheck\ShwNewsCheck.csproj", "{C0AF3BC4-8A85-424A-BD29-3F6BA9BE9590}"
EndProject
Global
	GlobalSection(SolutionConfigurationPlatforms) = preSolution
		Debug|Any CPU = Debug|Any CPU
		Release|Any CPU = Release|Any CPU
	EndGlobalSection
	GlobalSection(ProjectConfigurationPlatforms) = postSolution
		{C0AF3BC4-8A85-424A-BD29-3F6BA9BE9590}.Debug|Any CPU.ActiveCfg = Debug|Any CPU
		{C0AF3BC4-8A85-424A-BD29-3F6BA9BE9590}.Debug|Any CPU.Build.0 = Debug|Any CPU
		{C0AF3BC4-8A85-424A-BD29-3F6BA9BE9590}.Release|Any CPU.ActiveCfg = Release|Any CPU
		{C0AF3BC4-8A85-424A-BD29-3F6BA9BE9590}.Release|Any CPU.Build.0 = Release|Any CPU
	EndGlobalSection
	GlobalSection(SolutionProperties) = preSolution
		HideSolutionNode = FALSE
	EndGlobalSection
	GlobalSection(ExtensibilityGlobals) = postSolution
		SolutionGuid = {F0ABBD76-AC0C-494E-9AA4-EFD1E798A744}
	EndGlobalSection
EndGlobal
